
Microsoft Visual Studio Solution File, Format Version 12.00
# Visual Studio Version 17
VisualStudioVersion = 17.9.34728.123
MinimumVisualStudioVersion = 10.0.40219.1
Project("{FAE04EC0-301F-11D3-BF4B-00C04F79EFBC}") = "AngularMaterialApi", "AngularMaterialApi.csproj", "{5911FD44-BD87-434D-8416-0DA060BE5CDA}"
EndProject
Global
	GlobalSection(SolutionConfigurationPlatforms) = preSolution
		Debug|Any CPU = Debug|Any CPU
		Release|Any CPU = Release|Any CPU
	EndGlobalSection
	GlobalSection(ProjectConfigurationPlatforms) = postSolution
		{5911FD44-BD87-434D-8416-0DA060BE5CDA}.Debug|Any CPU.ActiveCfg = Debug|Any CPU
		{5911FD44-BD87-434D-8416-0DA060BE5CDA}.Debug|Any CPU.Build.0 = Debug|Any CPU
		{5911FD44-BD87-434D-8416-0DA060BE5CDA}.Release|Any CPU.ActiveCfg = Release|Any CPU
		{5911FD44-BD87-434D-8416-0DA060BE5CDA}.Release|Any CPU.Build.0 = Release|Any CPU
	EndGlobalSection
	GlobalSection(SolutionProperties) = preSolution
		HideSolutionNode = FALSE
	EndGlobalSection
	GlobalSection(ExtensibilityGlobals) = postSolution
		SolutionGuid = {96414578-5B4B-4120-9E8E-C83828F24C07}
	EndGlobalSection
EndGlobal
